// !$*UTF8*$!
{
	archiveVersion = 1;
	classes = {
	};
	objectVersion = 55;
	objects = {

/* Begin PBXBuildFile section */
		30578E61271886ED003761F7 /* AppDelegate.swift in Sources */ = {isa = PBXBuildFile; fileRef = 30578E60271886ED003761F7 /* AppDelegate.swift */; };
		30578E63271886ED003761F7 /* SceneDelegate.swift in Sources */ = {isa = PBXBuildFile; fileRef = 30578E62271886ED003761F7 /* SceneDelegate.swift */; };
		30578E68271886ED003761F7 /* Main.storyboard in Resources */ = {isa = PBXBuildFile; fileRef = 30578E66271886ED003761F7 /* Main.storyboard */; };
		30578E6A271886EF003761F7 /* Assets.xcassets in Resources */ = {isa = PBXBuildFile; fileRef = 30578E69271886EF003761F7 /* Assets.xcassets */; };
		30578E6D271886EF003761F7 /* LaunchScreen.storyboard in Resources */ = {isa = PBXBuildFile; fileRef = 30578E6B271886EF003761F7 /* LaunchScreen.storyboard */; };
		30578E7C27188F71003761F7 /* .gitignore in Resources */ = {isa = PBXBuildFile; fileRef = 30578E7B27188F71003761F7 /* .gitignore */; };
/* End PBXBuildFile section */

/* Begin PBXFileReference section */
		30578E5D271886ED003761F7 /* Vladyslav Prosianyk BMI.app */ = {isa = PBXFileReference; explicitFileType = wrapper.application; includeInIndex = 0; path = "Vladyslav Prosianyk BMI.app"; sourceTree = BUILT_PRODUCTS_DIR; };
		30578E60271886ED003761F7 /* AppDelegate.swift */ = {isa = PBXFileReference; lastKnownFileType = sourcecode.swift; path = AppDelegate.swift; sourceTree = "<group>"; };
		30578E62271886ED003761F7 /* SceneDelegate.swift */ = {isa = PBXFileReference; lastKnownFileType = sourcecode.swift; path = SceneDelegate.swift; sourceTree = "<group>"; };
		30578E67271886ED003761F7 /* Base */ = {isa = PBXFileReference; lastKnownFileType = file.storyboard; name = Base; path = Base.lproj/Main.storyboard; sourceTree = "<group>"; };
		30578E69271886EF003761F7 /* Assets.xcassets */ = {isa = PBXFileReference; lastKnownFileType = folder.assetcatalog; path = Assets.xcassets; sourceTree = "<group>"; };
		30578E6C271886EF003761F7 /* Base */ = {isa = PBXFileReference; lastKnownFileType = file.storyboard; name = Base; path = Base.lproj/LaunchScreen.storyboard; sourceTree = "<group>"; };
		30578E6E271886EF003761F7 /* Info.plist */ = {isa = PBXFileReference; lastKnownFileType = text.plist.xml; path = Info.plist; sourceTree = "<group>"; };
		30578E7B27188F71003761F7 /* .gitignore */ = {isa = PBXFileReference; lastKnownFileType = text; path = .gitignore; sourceTree = "<group>"; };
/* End PBXFileReference section */

/* Begin PBXFrameworksBuildPhase section */
		30578E5A271886ED003761F7 /* Frameworks */ = {
			isa = PBXFrameworksBuildPhase;
			buildActionMask = 2147483647;
			files = (
			);
			runOnlyForDeploymentPostprocessing = 0;
		};
/* End PBXFrameworksBuildPhase section */

/* Begin PBXGroup section */
		30578E54271886ED003761F7 = {
			isa = PBXGroup;
			children = (
				30578E5F271886ED003761F7 /* Vladyslav Prosianyk BMI */,
				30578E5E271886ED003761F7 /* Products */,
			);
			sourceTree = "<group>";
		};
		30578E5E271886ED003761F7 /* Products */ = {
			isa = PBXGroup;
			children = (
				30578E5D271886ED003761F7 /* Vladyslav Prosianyk BMI.app */,
			);
			name = Products;
			sourceTree = "<group>";
		};
		30578E5F271886ED003761F7 /* Vladyslav Prosianyk BMI */ = {
			isa = PBXGroup;
			children = (
				30578E60271886ED003761F7 /* AppDelegate.swift */,
				30578E62271886ED003761F7 /* SceneDelegate.swift */,
				30578E7427188723003761F7 /* Modules */,
				30578E66271886ED003761F7 /* Main.storyboard */,
				30578E69271886EF003761F7 /* Assets.xcassets */,
				30578E6B271886EF003761F7 /* LaunchScreen.storyboard */,
				30578E6E271886EF003761F7 /* Info.plist */,
				30578E7B27188F71003761F7 /* .gitignore */,
			);
			path = "Vladyslav Prosianyk BMI";
			sourceTree = "<group>";
		};
		30578E7427188723003761F7 /* Modules */ = {
			isa = PBXGroup;
			children = (
				30578E752718872C003761F7 /* Splash */,
				30578E7627188733003761F7 /* Home */,
				30578E7727188747003761F7 /* Result */,
			);
			path = Modules;
			sourceTree = "<group>";
		};
		30578E752718872C003761F7 /* Splash */ = {
			isa = PBXGroup;
			children = (
				30578E782718875A003761F7 /* New Group */,
			);
			path = Splash;
			sourceTree = "<group>";
		};
		30578E7627188733003761F7 /* Home */ = {
			isa = PBXGroup;
			children = (
			);
			path = Home;
			sourceTree = "<group>";
		};
		30578E7727188747003761F7 /* Result */ = {
			isa = PBXGroup;
			children = (
			);
			path = Result;
			sourceTree = "<group>";
		};
		30578E782718875A003761F7 /* New Group */ = {
			isa = PBXGroup;
			children = (
			);
			path = "New Group";
			sourceTree = "<group>";
		};
/* End PBXGroup section */

/* Begin PBXNativeTarget section */
		30578E5C271886ED003761F7 /* Vladyslav Prosianyk BMI */ = {
			isa = PBXNativeTarget;
			buildConfigurationList = 30578E71271886EF003761F7 /* Build configuration list for PBXNativeTarget "Vladyslav Prosianyk BMI" */;
			buildPhases = (
				30578E59271886ED003761F7 /* Sources */,
				30578E5A271886ED003761F7 /* Frameworks */,
				30578E5B271886ED003761F7 /* Resources */,
			);
			buildRules = (
			);
			dependencies = (
			);
			name = "Vladyslav Prosianyk BMI";
			productName = "Vladyslav Prosianyk BMI";
			productReference = 30578E5D271886ED003761F7 /* Vladyslav Prosianyk BMI.app */;
			productType = "com.apple.product-type.application";
		};
/* End PBXNativeTarget section */

/* Begin PBXProject section */
		30578E55271886ED003761F7 /* Project object */ = {
			isa = PBXProject;
			attributes = {
				BuildIndependentTargetsInParallel = 1;
				LastSwiftUpdateCheck = 1300;
				LastUpgradeCheck = 1300;
				TargetAttributes = {
					30578E5C271886ED003761F7 = {
						CreatedOnToolsVersion = 13.0;
					};
				};
			};
			buildConfigurationList = 30578E58271886ED003761F7 /* Build configuration list for PBXProject "Vladyslav Prosianyk BMI" */;
			compatibilityVersion = "Xcode 13.0";
			developmentRegion = en;
			hasScannedForEncodings = 0;
			knownRegions = (
				en,
				Base,
			);
			mainGroup = 30578E54271886ED003761F7;
			productRefGroup = 30578E5E271886ED003761F7 /* Products */;
			projectDirPath = "";
			projectRoot = "";
			targets = (
				30578E5C271886ED003761F7 /* Vladyslav Prosianyk BMI */,
			);
		};
/* End PBXProject section */

/* Begin PBXResourcesBuildPhase section */
		30578E5B271886ED003761F7 /* Resources */ = {
			isa = PBXResourcesBuildPhase;
			buildActionMask = 2147483647;
			files = (
				30578E7C27188F71003761F7 /* .gitignore in Resources */,
				30578E6D271886EF003761F7 /* LaunchScreen.storyboard in Resources */,
				30578E6A271886EF003761F7 /* Assets.xcassets in Resources */,
				30578E68271886ED003761F7 /* Main.storyboard in Resources */,
			);
			runOnlyForDeploymentPostprocessing = 0;
		};
/* End PBXResourcesBuildPhase section */

/* Begin PBXSourcesBuildPhase section */
		30578E59271886ED003761F7 /* Sources */ = {
			isa = PBXSourcesBuildPhase;
			buildActionMask = 2147483647;
			files = (
				30578E61271886ED003761F7 /* AppDelegate.swift in Sources */,
				30578E63271886ED003761F7 /* SceneDelegate.swift in Sources */,
			);
			runOnlyForDeploymentPostprocessing = 0;
		};
/* End PBXSourcesBuildPhase section */

/* Begin PBXVariantGroup section */
		30578E66271886ED003761F7 /* Main.storyboard */ = {
			isa = PBXVariantGroup;
			children = (
				30578E67271886ED003761F7 /* Base */,
			);
			name = Main.storyboard;
			sourceTree = "<group>";
		};
		30578E6B271886EF003761F7 /* LaunchScreen.storyboard */ = {
			isa = PBXVariantGroup;
			children = (
				30578E6C271886EF003761F7 /* Base */,
			);
			name = LaunchScreen.storyboard;
			sourceTree = "<group>";
		};
/* End PBXVariantGroup section */

/* Begin XCBuildConfiguration section */
		30578E6F271886EF003761F7 /* Debug */ = {
			isa = XCBuildConfiguration;
			buildSettings = {
				ALWAYS_SEARCH_USER_PATHS = NO;
				CLANG_ANALYZER_NONNULL = YES;
				CLANG_ANALYZER_NUMBER_OBJECT_CONVERSION = YES_AGGRESSIVE;
				CLANG_CXX_LANGUAGE_STANDARD = "gnu++17";
				CLANG_CXX_LIBRARY = "libc++";
				CLANG_ENABLE_MODULES = YES;
				CLANG_ENABLE_OBJC_ARC = YES;
				CLANG_ENABLE_OBJC_WEAK = YES;
				CLANG_WARN_BLOCK_CAPTURE_AUTORELEASING = YES;
				CLANG_WARN_BOOL_CONVERSION = YES;
				CLANG_WARN_COMMA = YES;
				CLANG_WARN_CONSTANT_CONVERSION = YES;
				CLANG_WARN_DEPRECATED_OBJC_IMPLEMENTATIONS = YES;
				CLANG_WARN_DIRECT_OBJC_ISA_USAGE = YES_ERROR;
				CLANG_WARN_DOCUMENTATION_COMMENTS = YES;
				CLANG_WARN_EMPTY_BODY = YES;
				CLANG_WARN_ENUM_CONVERSION = YES;
				CLANG_WARN_INFINITE_RECURSION = YES;
				CLANG_WARN_INT_CONVERSION = YES;
				CLANG_WARN_NON_LITERAL_NULL_CONVERSION = YES;
				CLANG_WARN_OBJC_IMPLICIT_RETAIN_SELF = YES;
				CLANG_WARN_OBJC_LITERAL_CONVERSION = YES;
				CLANG_WARN_OBJC_ROOT_CLASS = YES_ERROR;
				CLANG_WARN_QUOTED_INCLUDE_IN_FRAMEWORK_HEADER = YES;
				CLANG_WARN_RANGE_LOOP_ANALYSIS = YES;
				CLANG_WARN_STRICT_PROTOTYPES = YES;
				CLANG_WARN_SUSPICIOUS_MOVE = YES;
				CLANG_WARN_UNGUARDED_AVAILABILITY = YES_AGGRESSIVE;
				CLANG_WARN_UNREACHABLE_CODE = YES;
				CLANG_WARN__DUPLICATE_METHOD_MATCH = YES;
				COPY_PHASE_STRIP = NO;
				DEBUG_INFORMATION_FORMAT = dwarf;
				ENABLE_STRICT_OBJC_MSGSEND = YES;
				ENABLE_TESTABILITY = YES;
				GCC_C_LANGUAGE_STANDARD = gnu11;
				GCC_DYNAMIC_NO_PIC = NO;
				GCC_NO_COMMON_BLOCKS = YES;
				GCC_OPTIMIZATION_LEVEL = 0;
				GCC_PREPROCESSOR_DEFINITIONS = (
					"DEBUG=1",
					"$(inherited)",
				);
				GCC_WARN_64_TO_32_BIT_CONVERSION = YES;
				GCC_WARN_ABOUT_RETURN_TYPE = YES_ERROR;
				GCC_WARN_UNDECLARED_SELECTOR = YES;
				GCC_WARN_UNINITIALIZED_AUTOS = YES_AGGRESSIVE;
				GCC_WARN_UNUSED_FUNCTION = YES;
				GCC_WARN_UNUSED_VARIABLE = YES;
				IPHONEOS_DEPLOYMENT_TARGET = 15.0;
				MTL_ENABLE_DEBUG_INFO = INCLUDE_SOURCE;
				MTL_FAST_MATH = YES;
				ONLY_ACTIVE_ARCH = YES;
				SDKROOT = iphoneos;
				SWIFT_ACTIVE_COMPILATION_CONDITIONS = DEBUG;
				SWIFT_OPTIMIZATION_LEVEL = "-Onone";
			};
			name = Debug;
		};
		30578E70271886EF003761F7 /* Release */ = {
			isa = XCBuildConfiguration;
			buildSettings = {
				ALWAYS_SEARCH_USER_PATHS = NO;
				CLANG_ANALYZER_NONNULL = YES;
				CLANG_ANALYZER_NUMBER_OBJECT_CONVERSION = YES_AGGRESSIVE;
				CLANG_CXX_LANGUAGE_STANDARD = "gnu++17";
				CLANG_CXX_LIBRARY = "libc++";
				CLANG_ENABLE_MODULES = YES;
				CLANG_ENABLE_OBJC_ARC = YES;
				CLANG_ENABLE_OBJC_WEAK = YES;
				CLANG_WARN_BLOCK_CAPTURE_AUTORELEASING = YES;
				CLANG_WARN_BOOL_CONVERSION = YES;
				CLANG_WARN_COMMA = YES;
				CLANG_WARN_CONSTANT_CONVERSION = YES;
				CLANG_WARN_DEPRECATED_OBJC_IMPLEMENTATIONS = YES;
				CLANG_WARN_DIRECT_OBJC_ISA_USAGE = YES_ERROR;
				CLANG_WARN_DOCUMENTATION_COMMENTS = YES;
				CLANG_WARN_EMPTY_BODY = YES;
				CLANG_WARN_ENUM_CONVERSION = YES;
				CLANG_WARN_INFINITE_RECURSION = YES;
				CLANG_WARN_INT_CONVERSION = YES;
				CLANG_WARN_NON_LITERAL_NULL_CONVERSION = YES;
				CLANG_WARN_OBJC_IMPLICIT_RETAIN_SELF = YES;
				CLANG_WARN_OBJC_LITERAL_CONVERSION = YES;
				CLANG_WARN_OBJC_ROOT_CLASS = YES_ERROR;
				CLANG_WARN_QUOTED_INCLUDE_IN_FRAMEWORK_HEADER = YES;
				CLANG_WARN_RANGE_LOOP_ANALYSIS = YES;
				CLANG_WARN_STRICT_PROTOTYPES = YES;
				CLANG_WARN_SUSPICIOUS_MOVE = YES;
				CLANG_WARN_UNGUARDED_AVAILABILITY = YES_AGGRESSIVE;
				CLANG_WARN_UNREACHABLE_CODE = YES;
				CLANG_WARN__DUPLICATE_METHOD_MATCH = YES;
				COPY_PHASE_STRIP = NO;
				DEBUG_INFORMATION_FORMAT = "dwarf-with-dsym";
				ENABLE_NS_ASSERTIONS = NO;
				ENABLE_STRICT_OBJC_MSGSEND = YES;
				GCC_C_LANGUAGE_STANDARD = gnu11;
				GCC_NO_COMMON_BLOCKS = YES;
				GCC_WARN_64_TO_32_BIT_CONVERSION = YES;
				GCC_WARN_ABOUT_RETURN_TYPE = YES_ERROR;
				GCC_WARN_UNDECLARED_SELECTOR = YES;
				GCC_WARN_UNINITIALIZED_AUTOS = YES_AGGRESSIVE;
				GCC_WARN_UNUSED_FUNCTION = YES;
				GCC_WARN_UNUSED_VARIABLE = YES;
				IPHONEOS_DEPLOYMENT_TARGET = 15.0;
				MTL_ENABLE_DEBUG_INFO = NO;
				MTL_FAST_MATH = YES;
				SDKROOT = iphoneos;
				SWIFT_COMPILATION_MODE = wholemodule;
				SWIFT_OPTIMIZATION_LEVEL = "-O";
				VALIDATE_PRODUCT = YES;
			};
			name = Release;
		};
		30578E72271886EF003761F7 /* Debug */ = {
			isa = XCBuildConfiguration;
			buildSettings = {
				ASSETCATALOG_COMPILER_APPICON_NAME = AppIcon;
				ASSETCATALOG_COMPILER_GLOBAL_ACCENT_COLOR_NAME = AccentColor;
				CODE_SIGN_STYLE = Automatic;
				CURRENT_PROJECT_VERSION = 1;
				DEVELOPMENT_TEAM = 4UTH3CG74D;
				GENERATE_INFOPLIST_FILE = YES;
				INFOPLIST_FILE = "Vladyslav Prosianyk BMI/Info.plist";
				INFOPLIST_KEY_UIApplicationSupportsIndirectInputEvents = YES;
				INFOPLIST_KEY_UILaunchStoryboardName = LaunchScreen;
				INFOPLIST_KEY_UIMainStoryboardFile = Main;
				INFOPLIST_KEY_UISupportedInterfaceOrientations = UIInterfaceOrientationPortrait;
				INFOPLIST_KEY_UISupportedInterfaceOrientations_iPad = "UIInterfaceOrientationPortrait UIInterfaceOrientationPortraitUpsideDown UIInterfaceOrientationLandscapeLeft UIInterfaceOrientationLandscapeRight";
				INFOPLIST_KEY_UISupportedInterfaceOrientations_iPhone = "UIInterfaceOrientationPortrait UIInterfaceOrientationLandscapeLeft UIInterfaceOrientationLandscapeRight";
				LD_RUNPATH_SEARCH_PATHS = (
					"$(inherited)",
					"@executable_path/Frameworks",
				);
				MARKETING_VERSION = 1.0;
				PRODUCT_BUNDLE_IDENTIFIER = "test.dev.app.Vladyslav-Prosianyk-BMI";
				PRODUCT_NAME = "$(TARGET_NAME)";
				SWIFT_EMIT_LOC_STRINGS = YES;
				SWIFT_VERSION = 5.0;
				TARGETED_DEVICE_FAMILY = "1,2";
			};
			name = Debug;
		};
		30578E73271886EF003761F7 /* Release */ = {
			isa = XCBuildConfiguration;
			buildSettings = {
				ASSETCATALOG_COMPILER_APPICON_NAME = AppIcon;
				ASSETCATALOG_COMPILER_GLOBAL_ACCENT_COLOR_NAME = AccentColor;
				CODE_SIGN_STYLE = Automatic;
				CURRENT_PROJECT_VERSION = 1;
				DEVELOPMENT_TEAM = 4UTH3CG74D;
				GENERATE_INFOPLIST_FILE = YES;
				INFOPLIST_FILE = "Vladyslav Prosianyk BMI/Info.plist";
				INFOPLIST_KEY_UIApplicationSupportsIndirectInputEvents = YES;
				INFOPLIST_KEY_UILaunchStoryboardName = LaunchScreen;
				INFOPLIST_KEY_UIMainStoryboardFile = Main;
				INFOPLIST_KEY_UISupportedInterfaceOrientations = UIInterfaceOrientationPortrait;
				INFOPLIST_KEY_UISupportedInterfaceOrientations_iPad = "UIInterfaceOrientationPortrait UIInterfaceOrientationPortraitUpsideDown UIInterfaceOrientationLandscapeLeft UIInterfaceOrientationLandscapeRight";
				INFOPLIST_KEY_UISupportedInterfaceOrientations_iPhone = "UIInterfaceOrientationPortrait UIInterfaceOrientationLandscapeLeft UIInterfaceOrientationLandscapeRight";
				LD_RUNPATH_SEARCH_PATHS = (
					"$(inherited)",
					"@executable_path/Frameworks",
				);
				MARKETING_VERSION = 1.0;
				PRODUCT_BUNDLE_IDENTIFIER = "test.dev.app.Vladyslav-Prosianyk-BMI";
				PRODUCT_NAME = "$(TARGET_NAME)";
				SWIFT_EMIT_LOC_STRINGS = YES;
				SWIFT_VERSION = 5.0;
				TARGETED_DEVICE_FAMILY = "1,2";
			};
			name = Release;
		};
/* End XCBuildConfiguration section */

/* Begin XCConfigurationList section */
		30578E58271886ED003761F7 /* Build configuration list for PBXProject "Vladyslav Prosianyk BMI" */ = {
			isa = XCConfigurationList;
			buildConfigurations = (
				30578E6F271886EF003761F7 /* Debug */,
				30578E70271886EF003761F7 /* Release */,
			);
			defaultConfigurationIsVisible = 0;
			defaultConfigurationName = Release;
		};
		30578E71271886EF003761F7 /* Build configuration list for PBXNativeTarget "Vladyslav Prosianyk BMI" */ = {
			isa = XCConfigurationList;
			buildConfigurations = (
				30578E72271886EF003761F7 /* Debug */,
				30578E73271886EF003761F7 /* Release */,
			);
			defaultConfigurationIsVisible = 0;
			defaultConfigurationName = Release;
		};
/* End XCConfigurationList section */
	};
	rootObject = 30578E55271886ED003761F7 /* Project object */;
}
